
Microsoft Visual Studio Solution File, Format Version 12.00
# Visual Studio Version 17
VisualStudioVersion = 17.7.34302.85
MinimumVisualStudioVersion = 10.0.40219.1
Project("{9A19103F-16F7-4668-BE54-9A1E7A4F7556}") = "TestFunction", "TestFunction.csproj", "{12012223-AC9C-4190-9843-20BEECE84E2A}"
EndProject
Global
	GlobalSection(SolutionConfigurationPlatforms) = preSolution
		Debug|Any CPU = Debug|Any CPU
		Release|Any CPU = Release|Any CPU
	EndGlobalSection
	GlobalSection(ProjectConfigurationPlatforms) = postSolution
		{12012223-AC9C-4190-9843-20BEECE84E2A}.Debug|Any CPU.ActiveCfg = Debug|Any CPU
		{12012223-AC9C-4190-9843-20BEECE84E2A}.Debug|Any CPU.Build.0 = Debug|Any CPU
		{12012223-AC9C-4190-9843-20BEECE84E2A}.Release|Any CPU.ActiveCfg = Release|Any CPU
		{12012223-AC9C-4190-9843-20BEECE84E2A}.Release|Any CPU.Build.0 = Release|Any CPU
	EndGlobalSection
	GlobalSection(SolutionProperties) = preSolution
		HideSolutionNode = FALSE
	EndGlobalSection
	GlobalSection(ExtensibilityGlobals) = postSolution
		SolutionGuid = {AB9C62A0-E19A-41A2-9E6D-E47D4976079D}
	EndGlobalSection
EndGlobal
